
Microsoft Visual Studio Solution File, Format Version 12.00
# Visual Studio Version 17
VisualStudioVersion = 17.5.002.0
MinimumVisualStudioVersion = 10.0.40219.1
Project("{9A19103F-16F7-4668-BE54-9A1E7A4F7556}") = "Creational", "Creational.csproj", "{33D88123-1938-401F-AECE-B275FAF6B276}"
EndProject
Global
	GlobalSection(SolutionConfigurationPlatforms) = preSolution
		Debug|Any CPU = Debug|Any CPU
		Release|Any CPU = Release|Any CPU
	EndGlobalSection
	GlobalSection(ProjectConfigurationPlatforms) = postSolution
		{33D88123-1938-401F-AECE-B275FAF6B276}.Debug|Any CPU.ActiveCfg = Debug|Any CPU
		{33D88123-1938-401F-AECE-B275FAF6B276}.Debug|Any CPU.Build.0 = Debug|Any CPU
		{33D88123-1938-401F-AECE-B275FAF6B276}.Release|Any CPU.ActiveCfg = Release|Any CPU
		{33D88123-1938-401F-AECE-B275FAF6B276}.Release|Any CPU.Build.0 = Release|Any CPU
	EndGlobalSection
	GlobalSection(SolutionProperties) = preSolution
		HideSolutionNode = FALSE
	EndGlobalSection
	GlobalSection(ExtensibilityGlobals) = postSolution
		SolutionGuid = {4603FC73-9851-44F3-8B69-13B55E2E5772}
	EndGlobalSection
EndGlobal
